# This file is automatically @generated by Poetry 1.4.0 and should not be changed by hand.

[[package]]
name = "pick"
version = "2.2.0"
description = "Pick an option in the terminal with a simple GUI"
category = "main"
optional = false
python-versions = ">=3.7"
files = [
    {file = "pick-2.2.0-py3-none-any.whl", hash = "sha256:d301f358ee8eabe501795bb38a5160e05db68c0a89eb7ba38c7b667fc4673c8d"},
    {file = "pick-2.2.0.tar.gz", hash = "sha256:96920ebcfb9b8b6c2e50d9f211a700e5036611904169587a5a9245a645637a0d"},
]

[package.dependencies]
windows-curses = {version = ">=2.2.0,<3.0.0", markers = "sys_platform == \"win32\""}

[[package]]
name = "python-secp256k1"
version = "0.2.0"
description = "Ctypes Python3 FFI bindings for libsecp256k1"
category = "main"
optional = false
python-versions = "*"
files = [
    {file = "python-secp256k1-0.2.0.tar.gz", hash = "sha256:8cf56be7f6f4596a52245ab9ebc6c48c6627eaaa2b7ab7549222c12d5b3cb159"},
    {file = "python_secp256k1-0.2.0-py3-none-any.whl", hash = "sha256:cfad28a27735a78434a35ae162ed02b339f868a60d605000f7a56756c86ba921"},
]

[package.extras]
typing-extensions = ["typing-extensions (>=3.6)"]

[[package]]
name = "windows-curses"
version = "2.3.1"
description = "Support for the standard curses module on Windows"
category = "main"
optional = false
python-versions = "*"
files = [
    {file = "windows_curses-2.3.1-cp310-cp310-win32.whl", hash = "sha256:2644f4547ae5124ce5129b66faa59ee0995b7b7205ed5e3920f6ecfef2e46275"},
    {file = "windows_curses-2.3.1-cp310-cp310-win_amd64.whl", hash = "sha256:8b541520895649c0835771775034a2b4edf36da3c3d9381c5022b5b4f9a5014e"},
    {file = "windows_curses-2.3.1-cp311-cp311-win32.whl", hash = "sha256:25e7ff3d77aed6c747456b06fbc1528d67fc59d1ef3be9ca244774e65e6bdbb2"},
    {file = "windows_curses-2.3.1-cp311-cp311-win_amd64.whl", hash = "sha256:395656bfe88d6f60cb18604605d423e0f2d1c3a8f550507dca5877a9d0b3a0f3"},
    {file = "windows_curses-2.3.1-cp36-cp36m-win32.whl", hash = "sha256:6ea8e1c4536fee248ee3f88e5010871df749932b7e829e2f012e5d23bd2fe31d"},
    {file = "windows_curses-2.3.1-cp36-cp36m-win_amd64.whl", hash = "sha256:59856b41676c4b3eb527eb6b1478803d4dc92413b2e63aea762407807ffcd3ac"},
    {file = "windows_curses-2.3.1-cp37-cp37m-win32.whl", hash = "sha256:9cd0ba6efde23930736eff45a0aa0af6fd82e60b4787a46157ef4956d2c52b06"},
    {file = "windows_curses-2.3.1-cp37-cp37m-win_amd64.whl", hash = "sha256:f9a7fcd03934e40238f9bbeddae51e3fdc442f28bca50afccdc521245ed39439"},
    {file = "windows_curses-2.3.1-cp38-cp38-win32.whl", hash = "sha256:5c55ebafdb402cfa927174a03d651cd1b1e76d6e6cf71818f9d3378636c00e74"},
    {file = "windows_curses-2.3.1-cp38-cp38-win_amd64.whl", hash = "sha256:a551aaa09d6ec28f64ade8e85fd0c52880c8e9114729a79c34803104e49bed71"},
    {file = "windows_curses-2.3.1-cp39-cp39-win32.whl", hash = "sha256:aab7e28133bf81769cddf8b3c3c8ab89e76cd43effd371c6370e918b6dfccf1b"},
    {file = "windows_curses-2.3.1-cp39-cp39-win_amd64.whl", hash = "sha256:85675de4ae7058348140daae83a8a7b81147a84ef9ab699307b3168f9490292f"},
]

[metadata]
lock-version = "2.0"
python-versions = "^3.9"
content-hash = "270edf0a2bfe571277e9eeeec9fffa83884fdc4e04e641da43d3467728d5e12f"
